// !$*UTF8*$!
{
	archiveVersion = 1;
	classes = {
	};
	objectVersion = 50;
	objects = {

/* Begin PBXBuildFile section */
		45A6655124C6AC0E00AF3BBC /* Assets.xcassets in Resources */ = {isa = PBXBuildFile; fileRef = 45A6655024C6AC0E00AF3BBC /* Assets.xcassets */; };
		45A6655424C6AC0E00AF3BBC /* LaunchScreen.storyboard in Resources */ = {isa = PBXBuildFile; fileRef = 45A6655224C6AC0E00AF3BBC /* LaunchScreen.storyboard */; };
		45A6656224C6ACB800AF3BBC /* AppDelegate.swift in Sources */ = {isa = PBXBuildFile; fileRef = 45A6655C24C6ACB800AF3BBC /* AppDelegate.swift */; };
		45A6656324C6ACB800AF3BBC /* SceneDelegate.swift in Sources */ = {isa = PBXBuildFile; fileRef = 45A6655D24C6ACB800AF3BBC /* SceneDelegate.swift */; };
		45A6656424C6ACB800AF3BBC /* LoginVC.swift in Sources */ = {isa = PBXBuildFile; fileRef = 45A6655F24C6ACB800AF3BBC /* LoginVC.swift */; };
		45A6656524C6ACB800AF3BBC /* SettingsVC.swift in Sources */ = {isa = PBXBuildFile; fileRef = 45A6656024C6ACB800AF3BBC /* SettingsVC.swift */; };
		45A6656624C6ACB800AF3BBC /* HomeVC.swift in Sources */ = {isa = PBXBuildFile; fileRef = 45A6656124C6ACB800AF3BBC /* HomeVC.swift */; };
/* End PBXBuildFile section */

/* Begin PBXFileReference section */
		45A6654424C6AC0700AF3BBC /* TAbBasedAppPOC.app */ = {isa = PBXFileReference; explicitFileType = wrapper.application; includeInIndex = 0; path = TAbBasedAppPOC.app; sourceTree = BUILT_PRODUCTS_DIR; };
		45A6655024C6AC0E00AF3BBC /* Assets.xcassets */ = {isa = PBXFileReference; lastKnownFileType = folder.assetcatalog; path = Assets.xcassets; sourceTree = "<group>"; };
		45A6655324C6AC0E00AF3BBC /* Base */ = {isa = PBXFileReference; lastKnownFileType = file.storyboard; name = Base; path = Base.lproj/LaunchScreen.storyboard; sourceTree = "<group>"; };
		45A6655524C6AC0E00AF3BBC /* Info.plist */ = {isa = PBXFileReference; lastKnownFileType = text.plist.xml; path = Info.plist; sourceTree = "<group>"; };
		45A6655C24C6ACB800AF3BBC /* AppDelegate.swift */ = {isa = PBXFileReference; fileEncoding = 4; lastKnownFileType = sourcecode.swift; path = AppDelegate.swift; sourceTree = "<group>"; };
		45A6655D24C6ACB800AF3BBC /* SceneDelegate.swift */ = {isa = PBXFileReference; fileEncoding = 4; lastKnownFileType = sourcecode.swift; path = SceneDelegate.swift; sourceTree = "<group>"; };
		45A6655F24C6ACB800AF3BBC /* LoginVC.swift */ = {isa = PBXFileReference; fileEncoding = 4; lastKnownFileType = sourcecode.swift; path = LoginVC.swift; sourceTree = "<group>"; };
		45A6656024C6ACB800AF3BBC /* SettingsVC.swift */ = {isa = PBXFileReference; fileEncoding = 4; lastKnownFileType = sourcecode.swift; path = SettingsVC.swift; sourceTree = "<group>"; };
		45A6656124C6ACB800AF3BBC /* HomeVC.swift */ = {isa = PBXFileReference; fileEncoding = 4; lastKnownFileType = sourcecode.swift; path = HomeVC.swift; sourceTree = "<group>"; };
/* End PBXFileReference section */

/* Begin PBXFrameworksBuildPhase section */
		45A6654124C6AC0700AF3BBC /* Frameworks */ = {
			isa = PBXFrameworksBuildPhase;
			buildActionMask = 2147483647;
			files = (
			);
			runOnlyForDeploymentPostprocessing = 0;
		};
/* End PBXFrameworksBuildPhase section */

/* Begin PBXGroup section */
		45A6653B24C6AC0700AF3BBC = {
			isa = PBXGroup;
			children = (
				45A6654624C6AC0700AF3BBC /* TAbBasedAppPOC */,
				45A6654524C6AC0700AF3BBC /* Products */,
			);
			sourceTree = "<group>";
		};
		45A6654524C6AC0700AF3BBC /* Products */ = {
			isa = PBXGroup;
			children = (
				45A6654424C6AC0700AF3BBC /* TAbBasedAppPOC.app */,
			);
			name = Products;
			sourceTree = "<group>";
		};
		45A6654624C6AC0700AF3BBC /* TAbBasedAppPOC */ = {
			isa = PBXGroup;
			children = (
				45A6655B24C6ACB800AF3BBC /* App */,
				45A6655E24C6ACB800AF3BBC /* Controller */,
				45A6655024C6AC0E00AF3BBC /* Assets.xcassets */,
				45A6655224C6AC0E00AF3BBC /* LaunchScreen.storyboard */,
				45A6655524C6AC0E00AF3BBC /* Info.plist */,
			);
			path = TAbBasedAppPOC;
			sourceTree = "<group>";
		};
		45A6655B24C6ACB800AF3BBC /* App */ = {
			isa = PBXGroup;
			children = (
				45A6655C24C6ACB800AF3BBC /* AppDelegate.swift */,
				45A6655D24C6ACB800AF3BBC /* SceneDelegate.swift */,
			);
			path = App;
			sourceTree = "<group>";
		};
		45A6655E24C6ACB800AF3BBC /* Controller */ = {
			isa = PBXGroup;
			children = (
				45A6655F24C6ACB800AF3BBC /* LoginVC.swift */,
				45A6656024C6ACB800AF3BBC /* SettingsVC.swift */,
				45A6656124C6ACB800AF3BBC /* HomeVC.swift */,
			);
			path = Controller;
			sourceTree = "<group>";
		};
/* End PBXGroup section */

/* Begin PBXNativeTarget section */
		45A6654324C6AC0700AF3BBC /* TAbBasedAppPOC */ = {
			isa = PBXNativeTarget;
			buildConfigurationList = 45A6655824C6AC0E00AF3BBC /* Build configuration list for PBXNativeTarget "TAbBasedAppPOC" */;
			buildPhases = (
				45A6654024C6AC0700AF3BBC /* Sources */,
				45A6654124C6AC0700AF3BBC /* Frameworks */,
				45A6654224C6AC0700AF3BBC /* Resources */,
			);
			buildRules = (
			);
			dependencies = (
			);
			name = TAbBasedAppPOC;
			productName = TAbBasedAppPOC;
			productReference = 45A6654424C6AC0700AF3BBC /* TAbBasedAppPOC.app */;
			productType = "com.apple.product-type.application";
		};
/* End PBXNativeTarget section */

/* Begin PBXProject section */
		45A6653C24C6AC0700AF3BBC /* Project object */ = {
			isa = PBXProject;
			attributes = {
				LastSwiftUpdateCheck = 1140;
				LastUpgradeCheck = 1140;
				ORGANIZATIONNAME = RK;
				TargetAttributes = {
					45A6654324C6AC0700AF3BBC = {
						CreatedOnToolsVersion = 11.4.1;
					};
				};
			};
			buildConfigurationList = 45A6653F24C6AC0700AF3BBC /* Build configuration list for PBXProject "TAbBasedAppPOC" */;
			compatibilityVersion = "Xcode 9.3";
			developmentRegion = en;
			hasScannedForEncodings = 0;
			knownRegions = (
				en,
				Base,
			);
			mainGroup = 45A6653B24C6AC0700AF3BBC;
			productRefGroup = 45A6654524C6AC0700AF3BBC /* Products */;
			projectDirPath = "";
			projectRoot = "";
			targets = (
				45A6654324C6AC0700AF3BBC /* TAbBasedAppPOC */,
			);
		};
/* End PBXProject section */

/* Begin PBXResourcesBuildPhase section */
		45A6654224C6AC0700AF3BBC /* Resources */ = {
			isa = PBXResourcesBuildPhase;
			buildActionMask = 2147483647;
			files = (
				45A6655424C6AC0E00AF3BBC /* LaunchScreen.storyboard in Resources */,
				45A6655124C6AC0E00AF3BBC /* Assets.xcassets in Resources */,
			);
			runOnlyForDeploymentPostprocessing = 0;
		};
/* End PBXResourcesBuildPhase section */

/* Begin PBXSourcesBuildPhase section */
		45A6654024C6AC0700AF3BBC /* Sources */ = {
			isa = PBXSourcesBuildPhase;
			buildActionMask = 2147483647;
			files = (
				45A6656224C6ACB800AF3BBC /* AppDelegate.swift in Sources */,
				45A6656624C6ACB800AF3BBC /* HomeVC.swift in Sources */,
				45A6656524C6ACB800AF3BBC /* SettingsVC.swift in Sources */,
				45A6656324C6ACB800AF3BBC /* SceneDelegate.swift in Sources */,
				45A6656424C6ACB800AF3BBC /* LoginVC.swift in Sources */,
			);
			runOnlyForDeploymentPostprocessing = 0;
		};
/* End PBXSourcesBuildPhase section */

/* Begin PBXVariantGroup section */
		45A6655224C6AC0E00AF3BBC /* LaunchScreen.storyboard */ = {
			isa = PBXVariantGroup;
			children = (
				45A6655324C6AC0E00AF3BBC /* Base */,
			);
			name = LaunchScreen.storyboard;
			sourceTree = "<group>";
		};
/* End PBXVariantGroup section */

/* Begin XCBuildConfiguration section */
		45A6655624C6AC0E00AF3BBC /* Debug */ = {
			isa = XCBuildConfiguration;
			buildSettings = {
				ALWAYS_SEARCH_USER_PATHS = NO;
				CLANG_ANALYZER_NONNULL = YES;
				CLANG_ANALYZER_NUMBER_OBJECT_CONVERSION = YES_AGGRESSIVE;
				CLANG_CXX_LANGUAGE_STANDARD = "gnu++14";
				CLANG_CXX_LIBRARY = "libc++";
				CLANG_ENABLE_MODULES = YES;
				CLANG_ENABLE_OBJC_ARC = YES;
				CLANG_ENABLE_OBJC_WEAK = YES;
				CLANG_WARN_BLOCK_CAPTURE_AUTORELEASING = YES;
				CLANG_WARN_BOOL_CONVERSION = YES;
				CLANG_WARN_COMMA = YES;
				CLANG_WARN_CONSTANT_CONVERSION = YES;
				CLANG_WARN_DEPRECATED_OBJC_IMPLEMENTATIONS = YES;
				CLANG_WARN_DIRECT_OBJC_ISA_USAGE = YES_ERROR;
				CLANG_WARN_DOCUMENTATION_COMMENTS = YES;
				CLANG_WARN_EMPTY_BODY = YES;
				CLANG_WARN_ENUM_CONVERSION = YES;
				CLANG_WARN_INFINITE_RECURSION = YES;
				CLANG_WARN_INT_CONVERSION = YES;
				CLANG_WARN_NON_LITERAL_NULL_CONVERSION = YES;
				CLANG_WARN_OBJC_IMPLICIT_RETAIN_SELF = YES;
				CLANG_WARN_OBJC_LITERAL_CONVERSION = YES;
				CLANG_WARN_OBJC_ROOT_CLASS = YES_ERROR;
				CLANG_WARN_RANGE_LOOP_ANALYSIS = YES;
				CLANG_WARN_STRICT_PROTOTYPES = YES;
				CLANG_WARN_SUSPICIOUS_MOVE = YES;
				CLANG_WARN_UNGUARDED_AVAILABILITY = YES_AGGRESSIVE;
				CLANG_WARN_UNREACHABLE_CODE = YES;
				CLANG_WARN__DUPLICATE_METHOD_MATCH = YES;
				COPY_PHASE_STRIP = NO;
				DEBUG_INFORMATION_FORMAT = dwarf;
				ENABLE_STRICT_OBJC_MSGSEND = YES;
				ENABLE_TESTABILITY = YES;
				GCC_C_LANGUAGE_STANDARD = gnu11;
				GCC_DYNAMIC_NO_PIC = NO;
				GCC_NO_COMMON_BLOCKS = YES;
				GCC_OPTIMIZATION_LEVEL = 0;
				GCC_PREPROCESSOR_DEFINITIONS = (
					"DEBUG=1",
					"$(inherited)",
				);
				GCC_WARN_64_TO_32_BIT_CONVERSION = YES;
				GCC_WARN_ABOUT_RETURN_TYPE = YES_ERROR;
				GCC_WARN_UNDECLARED_SELECTOR = YES;
				GCC_WARN_UNINITIALIZED_AUTOS = YES_AGGRESSIVE;
				GCC_WARN_UNUSED_FUNCTION = YES;
				GCC_WARN_UNUSED_VARIABLE = YES;
				IPHONEOS_DEPLOYMENT_TARGET = 13.4;
				MTL_ENABLE_DEBUG_INFO = INCLUDE_SOURCE;
				MTL_FAST_MATH = YES;
				ONLY_ACTIVE_ARCH = YES;
				SDKROOT = iphoneos;
				SWIFT_ACTIVE_COMPILATION_CONDITIONS = DEBUG;
				SWIFT_OPTIMIZATION_LEVEL = "-Onone";
			};
			name = Debug;
		};
		45A6655724C6AC0E00AF3BBC /* Release */ = {
			isa = XCBuildConfiguration;
			buildSettings = {
				ALWAYS_SEARCH_USER_PATHS = NO;
				CLANG_ANALYZER_NONNULL = YES;
				CLANG_ANALYZER_NUMBER_OBJECT_CONVERSION = YES_AGGRESSIVE;
				CLANG_CXX_LANGUAGE_STANDARD = "gnu++14";
				CLANG_CXX_LIBRARY = "libc++";
				CLANG_ENABLE_MODULES = YES;
				CLANG_ENABLE_OBJC_ARC = YES;
				CLANG_ENABLE_OBJC_WEAK = YES;
				CLANG_WARN_BLOCK_CAPTURE_AUTORELEASING = YES;
				CLANG_WARN_BOOL_CONVERSION = YES;
				CLANG_WARN_COMMA = YES;
				CLANG_WARN_CONSTANT_CONVERSION = YES;
				CLANG_WARN_DEPRECATED_OBJC_IMPLEMENTATIONS = YES;
				CLANG_WARN_DIRECT_OBJC_ISA_USAGE = YES_ERROR;
				CLANG_WARN_DOCUMENTATION_COMMENTS = YES;
				CLANG_WARN_EMPTY_BODY = YES;
				CLANG_WARN_ENUM_CONVERSION = YES;
				CLANG_WARN_INFINITE_RECURSION = YES;
				CLANG_WARN_INT_CONVERSION = YES;
				CLANG_WARN_NON_LITERAL_NULL_CONVERSION = YES;
				CLANG_WARN_OBJC_IMPLICIT_RETAIN_SELF = YES;
				CLANG_WARN_OBJC_LITERAL_CONVERSION = YES;
				CLANG_WARN_OBJC_ROOT_CLASS = YES_ERROR;
				CLANG_WARN_RANGE_LOOP_ANALYSIS = YES;
				CLANG_WARN_STRICT_PROTOTYPES = YES;
				CLANG_WARN_SUSPICIOUS_MOVE = YES;
				CLANG_WARN_UNGUARDED_AVAILABILITY = YES_AGGRESSIVE;
				CLANG_WARN_UNREACHABLE_CODE = YES;
				CLANG_WARN__DUPLICATE_METHOD_MATCH = YES;
				COPY_PHASE_STRIP = NO;
				DEBUG_INFORMATION_FORMAT = "dwarf-with-dsym";
				ENABLE_NS_ASSERTIONS = NO;
				ENABLE_STRICT_OBJC_MSGSEND = YES;
				GCC_C_LANGUAGE_STANDARD = gnu11;
				GCC_NO_COMMON_BLOCKS = YES;
				GCC_WARN_64_TO_32_BIT_CONVERSION = YES;
				GCC_WARN_ABOUT_RETURN_TYPE = YES_ERROR;
				GCC_WARN_UNDECLARED_SELECTOR = YES;
				GCC_WARN_UNINITIALIZED_AUTOS = YES_AGGRESSIVE;
				GCC_WARN_UNUSED_FUNCTION = YES;
				GCC_WARN_UNUSED_VARIABLE = YES;
				IPHONEOS_DEPLOYMENT_TARGET = 13.4;
				MTL_ENABLE_DEBUG_INFO = NO;
				MTL_FAST_MATH = YES;
				SDKROOT = iphoneos;
				SWIFT_COMPILATION_MODE = wholemodule;
				SWIFT_OPTIMIZATION_LEVEL = "-O";
				VALIDATE_PRODUCT = YES;
			};
			name = Release;
		};
		45A6655924C6AC0E00AF3BBC /* Debug */ = {
			isa = XCBuildConfiguration;
			buildSettings = {
				ASSETCATALOG_COMPILER_APPICON_NAME = AppIcon;
				CODE_SIGN_STYLE = Automatic;
				DEVELOPMENT_TEAM = 9NRXNFLP4V;
				INFOPLIST_FILE = TAbBasedAppPOC/Info.plist;
				LD_RUNPATH_SEARCH_PATHS = (
					"$(inherited)",
					"@executable_path/Frameworks",
				);
				PRODUCT_BUNDLE_IDENTIFIER = com.RK.common.TAbBasedAppPOC;
				PRODUCT_NAME = "$(TARGET_NAME)";
				SWIFT_VERSION = 5.0;
				TARGETED_DEVICE_FAMILY = "1,2";
			};
			name = Debug;
		};
		45A6655A24C6AC0E00AF3BBC /* Release */ = {
			isa = XCBuildConfiguration;
			buildSettings = {
				ASSETCATALOG_COMPILER_APPICON_NAME = AppIcon;
				CODE_SIGN_STYLE = Automatic;
				DEVELOPMENT_TEAM = 9NRXNFLP4V;
				INFOPLIST_FILE = TAbBasedAppPOC/Info.plist;
				LD_RUNPATH_SEARCH_PATHS = (
					"$(inherited)",
					"@executable_path/Frameworks",
				);
				PRODUCT_BUNDLE_IDENTIFIER = com.RK.common.TAbBasedAppPOC;
				PRODUCT_NAME = "$(TARGET_NAME)";
				SWIFT_VERSION = 5.0;
				TARGETED_DEVICE_FAMILY = "1,2";
			};
			name = Release;
		};
/* End XCBuildConfiguration section */

/* Begin XCConfigurationList section */
		45A6653F24C6AC0700AF3BBC /* Build configuration list for PBXProject "TAbBasedAppPOC" */ = {
			isa = XCConfigurationList;
			buildConfigurations = (
				45A6655624C6AC0E00AF3BBC /* Debug */,
				45A6655724C6AC0E00AF3BBC /* Release */,
			);
			defaultConfigurationIsVisible = 0;
			defaultConfigurationName = Release;
		};
		45A6655824C6AC0E00AF3BBC /* Build configuration list for PBXNativeTarget "TAbBasedAppPOC" */ = {
			isa = XCConfigurationList;
			buildConfigurations = (
				45A6655924C6AC0E00AF3BBC /* Debug */,
				45A6655A24C6AC0E00AF3BBC /* Release */,
			);
			defaultConfigurationIsVisible = 0;
			defaultConfigurationName = Release;
		};
/* End XCConfigurationList section */
	};
	rootObject = 45A6653C24C6AC0700AF3BBC /* Project object */;
}
